
Microsoft Visual Studio Solution File, Format Version 12.00
# Visual Studio Version 17
VisualStudioVersion = 17.9.34310.174
MinimumVisualStudioVersion = 10.0.40219.1
Project("{9A19103F-16F7-4668-BE54-9A1E7A4F7556}") = "Generator", "Generator\Generator.csproj", "{0B83DB52-5C59-4765-BF0E-6B32D750E02B}"
EndProject
Project("{FAE04EC0-301F-11D3-BF4B-00C04F79EFBC}") = "ITransitionData.Bogus", "ITransitionData.Bogus\ITransitionData.Bogus.csproj", "{19038396-A2D9-43D5-AFA1-A0B97194F7A0}"
EndProject
Global
	GlobalSection(SolutionConfigurationPlatforms) = preSolution
		Debug|Any CPU = Debug|Any CPU
		Release|Any CPU = Release|Any CPU
	EndGlobalSection
	GlobalSection(ProjectConfigurationPlatforms) = postSolution
		{0B83DB52-5C59-4765-BF0E-6B32D750E02B}.Debug|Any CPU.ActiveCfg = Debug|Any CPU
		{0B83DB52-5C59-4765-BF0E-6B32D750E02B}.Debug|Any CPU.Build.0 = Debug|Any CPU
		{0B83DB52-5C59-4765-BF0E-6B32D750E02B}.Release|Any CPU.ActiveCfg = Release|Any CPU
		{0B83DB52-5C59-4765-BF0E-6B32D750E02B}.Release|Any CPU.Build.0 = Release|Any CPU
		{19038396-A2D9-43D5-AFA1-A0B97194F7A0}.Debug|Any CPU.ActiveCfg = Debug|Any CPU
		{19038396-A2D9-43D5-AFA1-A0B97194F7A0}.Debug|Any CPU.Build.0 = Debug|Any CPU
		{19038396-A2D9-43D5-AFA1-A0B97194F7A0}.Release|Any CPU.ActiveCfg = Release|Any CPU
		{19038396-A2D9-43D5-AFA1-A0B97194F7A0}.Release|Any CPU.Build.0 = Release|Any CPU
	EndGlobalSection
	GlobalSection(SolutionProperties) = preSolution
		HideSolutionNode = FALSE
	EndGlobalSection
	GlobalSection(ExtensibilityGlobals) = postSolution
		SolutionGuid = {B1A312F8-A0FA-4094-8CB6-2B08B8B7952F}
	EndGlobalSection
EndGlobal
